Microsoft Visual Studio Solution File, Format Version 12.00
# Visual Studio 15
VisualStudioVersion = 15.0.27004.2010
MinimumVisualStudioVersion = 10.0.40219.1
Project("{9A19103F-16F7-4668-BE54-9A1E7A4F7556}") = "ProjectCanine.MobileAppService", "MobileAppService\ProjectCanine.MobileAppService.csproj", "{F2A99F10-EF26-40CC-A931-8E499967DDC9}"
EndProject
Project("{00D1A9C2-B5F0-4AF3-8072-F6C62B433612}") = "ProjectCanine.Database", "ProjectCanineDatabase\ProjectCanine.Database.sqlproj", "{1C411E1D-DC0D-48E4-B966-9950D5764E21}"
EndProject
Project("{FAE04EC0-301F-11D3-BF4B-00C04F79EFBC}") = "ProjectCanine.AdminPortal2", "ProjectCanine.AdminPortal2\ProjectCanine.AdminPortal2.csproj", "{D4D98349-7B64-4F77-80EE-D8128F34590F}"
EndProject
Project("{FAE04EC0-301F-11D3-BF4B-00C04F79EFBC}") = "ProjectCanine.AdminPortal_OLD", "ProjectCanine.AdminPortal_OLD\ProjectCanine.AdminPortal_OLD.csproj", "{2B18292D-81F4-4638-BC57-5F4621BD2459}"
EndProject
Project("{FAE04EC0-301F-11D3-BF4B-00C04F79EFBC}") = "ProjectCanine.Core", "ProjectCanine.Core\ProjectCanine.Core.csproj", "{4F636901-0B92-4B95-A55D-7EF3CC87D5C6}"
EndProject
Project("{9A19103F-16F7-4668-BE54-9A1E7A4F7556}") = "ProjectCanineApi", "ProjectCanineApi\ProjectCanineApi.csproj", "{7167A91C-515A-4C80-82D9-9BEABBB5C8D8}"
EndProject
Global
	GlobalSection(SolutionConfigurationPlatforms) = preSolution
		AppStore|Any CPU = AppStore|Any CPU
		AppStore|ARM = AppStore|ARM
		AppStore|iPhone = AppStore|iPhone
		AppStore|iPhoneSimulator = AppStore|iPhoneSimulator
		AppStore|x64 = AppStore|x64
		AppStore|x86 = AppStore|x86
		Debug|Any CPU = Debug|Any CPU
		Debug|ARM = Debug|ARM
		Debug|iPhone = Debug|iPhone
		Debug|iPhoneSimulator = Debug|iPhoneSimulator
		Debug|x64 = Debug|x64
		Debug|x86 = Debug|x86
		Release|Any CPU = Release|Any CPU
		Release|ARM = Release|ARM
		Release|iPhone = Release|iPhone
		Release|iPhoneSimulator = Release|iPhoneSimulator
		Release|x64 = Release|x64
		Release|x86 = Release|x86
	EndGlobalSection
	GlobalSection(ProjectConfigurationPlatforms) = postSolution
		{F2A99F10-EF26-40CC-A931-8E499967DDC9}.AppStore|Any CPU.ActiveCfg = AppStore|Any CPU
		{F2A99F10-EF26-40CC-A931-8E499967DDC9}.AppStore|ARM.ActiveCfg = AppStore|Any CPU
		{F2A99F10-EF26-40CC-A931-8E499967DDC9}.AppStore|ARM.Build.0 = AppStore|Any CPU
		{F2A99F10-EF26-40CC-A931-8E499967DDC9}.AppStore|iPhone.ActiveCfg = AppStore|Any CPU
		{F2A99F10-EF26-40CC-A931-8E499967DDC9}.AppStore|iPhoneSimulator.ActiveCfg = AppStore|Any CPU
		{F2A99F10-EF26-40CC-A931-8E499967DDC9}.AppStore|iPhoneSimulator.Build.0 = AppStore|Any CPU
		{F2A99F10-EF26-40CC-A931-8E499967DDC9}.AppStore|x64.ActiveCfg = AppStore|Any CPU
		{F2A99F10-EF26-40CC-A931-8E499967DDC9}.AppStore|x64.Build.0 = AppStore|Any CPU
		{F2A99F10-EF26-40CC-A931-8E499967DDC9}.AppStore|x86.ActiveCfg = AppStore|Any CPU
		{F2A99F10-EF26-40CC-A931-8E499967DDC9}.AppStore|x86.Build.0 = AppStore|Any CPU
		{F2A99F10-EF26-40CC-A931-8E499967DDC9}.Debug|Any CPU.ActiveCfg = Debug|Any CPU
		{F2A99F10-EF26-40CC-A931-8E499967DDC9}.Debug|Any CPU.Build.0 = Debug|Any CPU
		{F2A99F10-EF26-40CC-A931-8E499967DDC9}.Debug|ARM.ActiveCfg = Debug|Any CPU
		{F2A99F10-EF26-40CC-A931-8E499967DDC9}.Debug|ARM.Build.0 = Debug|Any CPU
		{F2A99F10-EF26-40CC-A931-8E499967DDC9}.Debug|iPhone.ActiveCfg = Debug|Any CPU
		{F2A99F10-EF26-40CC-A931-8E499967DDC9}.Debug|iPhone.Build.0 = Debug|Any CPU
		{F2A99F10-EF26-40CC-A931-8E499967DDC9}.Debug|iPhoneSimulator.ActiveCfg = Debug|Any CPU
		{F2A99F10-EF26-40CC-A931-8E499967DDC9}.Debug|iPhoneSimulator.Build.0 = Debug|Any CPU
		{F2A99F10-EF26-40CC-A931-8E499967DDC9}.Debug|x64.ActiveCfg = Debug|Any CPU
		{F2A99F10-EF26-40CC-A931-8E499967DDC9}.Debug|x64.Build.0 = Debug|Any CPU
		{F2A99F10-EF26-40CC-A931-8E499967DDC9}.Debug|x86.ActiveCfg = Debug|Any CPU
		{F2A99F10-EF26-40CC-A931-8E499967DDC9}.Debug|x86.Build.0 = Debug|Any CPU
		{F2A99F10-EF26-40CC-A931-8E499967DDC9}.Release|Any CPU.ActiveCfg = Release|Any CPU
		{F2A99F10-EF26-40CC-A931-8E499967DDC9}.Release|Any CPU.Build.0 = Release|Any CPU
		{F2A99F10-EF26-40CC-A931-8E499967DDC9}.Release|ARM.ActiveCfg = Release|Any CPU
		{F2A99F10-EF26-40CC-A931-8E499967DDC9}.Release|ARM.Build.0 = Release|Any CPU
		{F2A99F10-EF26-40CC-A931-8E499967DDC9}.Release|iPhone.ActiveCfg = Release|Any CPU
		{F2A99F10-EF26-40CC-A931-8E499967DDC9}.Release|iPhoneSimulator.ActiveCfg = Release|Any CPU
		{F2A99F10-EF26-40CC-A931-8E499967DDC9}.Release|iPhoneSimulator.Build.0 = Release|Any CPU
		{F2A99F10-EF26-40CC-A931-8E499967DDC9}.Release|x64.ActiveCfg = Release|Any CPU
		{F2A99F10-EF26-40CC-A931-8E499967DDC9}.Release|x64.Build.0 = Release|Any CPU
		{F2A99F10-EF26-40CC-A931-8E499967DDC9}.Release|x86.ActiveCfg = Release|Any CPU
		{1C411E1D-DC0D-48E4-B966-9950D5764E21}.AppStore|Any CPU.ActiveCfg = AppStore|Any CPU
		{1C411E1D-DC0D-48E4-B966-9950D5764E21}.AppStore|ARM.ActiveCfg = AppStore|Any CPU
		{1C411E1D-DC0D-48E4-B966-9950D5764E21}.AppStore|ARM.Build.0 = AppStore|Any CPU
		{1C411E1D-DC0D-48E4-B966-9950D5764E21}.AppStore|ARM.Deploy.0 = AppStore|Any CPU
		{1C411E1D-DC0D-48E4-B966-9950D5764E21}.AppStore|iPhone.ActiveCfg = AppStore|Any CPU
		{1C411E1D-DC0D-48E4-B966-9950D5764E21}.AppStore|iPhoneSimulator.ActiveCfg = AppStore|Any CPU
		{1C411E1D-DC0D-48E4-B966-9950D5764E21}.AppStore|iPhoneSimulator.Build.0 = AppStore|Any CPU
		{1C411E1D-DC0D-48E4-B966-9950D5764E21}.AppStore|iPhoneSimulator.Deploy.0 = AppStore|Any CPU
		{1C411E1D-DC0D-48E4-B966-9950D5764E21}.AppStore|x64.ActiveCfg = AppStore|Any CPU
		{1C411E1D-DC0D-48E4-B966-9950D5764E21}.AppStore|x64.Build.0 = AppStore|Any CPU
		{1C411E1D-DC0D-48E4-B966-9950D5764E21}.AppStore|x64.Deploy.0 = AppStore|Any CPU
		{1C411E1D-DC0D-48E4-B966-9950D5764E21}.AppStore|x86.ActiveCfg = AppStore|Any CPU
		{1C411E1D-DC0D-48E4-B966-9950D5764E21}.AppStore|x86.Build.0 = AppStore|Any CPU
		{1C411E1D-DC0D-48E4-B966-9950D5764E21}.AppStore|x86.Deploy.0 = AppStore|Any CPU
		{1C411E1D-DC0D-48E4-B966-9950D5764E21}.Debug|Any CPU.ActiveCfg = Debug|Any CPU
		{1C411E1D-DC0D-48E4-B966-9950D5764E21}.Debug|Any CPU.Build.0 = Debug|Any CPU
		{1C411E1D-DC0D-48E4-B966-9950D5764E21}.Debug|Any CPU.Deploy.0 = Debug|Any CPU
		{1C411E1D-DC0D-48E4-B966-9950D5764E21}.Debug|ARM.ActiveCfg = Debug|Any CPU
		{1C411E1D-DC0D-48E4-B966-9950D5764E21}.Debug|ARM.Build.0 = Debug|Any CPU
		{1C411E1D-DC0D-48E4-B966-9950D5764E21}.Debug|ARM.Deploy.0 = Debug|Any CPU
		{1C411E1D-DC0D-48E4-B966-9950D5764E21}.Debug|iPhone.ActiveCfg = Debug|Any CPU
		{1C411E1D-DC0D-48E4-B966-9950D5764E21}.Debug|iPhone.Build.0 = Debug|Any CPU
		{1C411E1D-DC0D-48E4-B966-9950D5764E21}.Debug|iPhone.Deploy.0 = Debug|Any CPU
		{1C411E1D-DC0D-48E4-B966-9950D5764E21}.Debug|iPhoneSimulator.ActiveCfg = Debug|Any CPU
		{1C411E1D-DC0D-48E4-B966-9950D5764E21}.Debug|iPhoneSimulator.Build.0 = Debug|Any CPU
		{1C411E1D-DC0D-48E4-B966-9950D5764E21}.Debug|iPhoneSimulator.Deploy.0 = Debug|Any CPU
		{1C411E1D-DC0D-48E4-B966-9950D5764E21}.Debug|x64.ActiveCfg = Debug|Any CPU
		{1C411E1D-DC0D-48E4-B966-9950D5764E21}.Debug|x64.Build.0 = Debug|Any CPU
		{1C411E1D-DC0D-48E4-B966-9950D5764E21}.Debug|x64.Deploy.0 = Debug|Any CPU
		{1C411E1D-DC0D-48E4-B966-9950D5764E21}.Debug|x86.ActiveCfg = Debug|Any CPU
		{1C411E1D-DC0D-48E4-B966-9950D5764E21}.Debug|x86.Build.0 = Debug|Any CPU
		{1C411E1D-DC0D-48E4-B966-9950D5764E21}.Debug|x86.Deploy.0 = Debug|Any CPU
		{1C411E1D-DC0D-48E4-B966-9950D5764E21}.Release|Any CPU.ActiveCfg = Release|Any CPU
		{1C411E1D-DC0D-48E4-B966-9950D5764E21}.Release|Any CPU.Build.0 = Release|Any CPU
		{1C411E1D-DC0D-48E4-B966-9950D5764E21}.Release|Any CPU.Deploy.0 = Release|Any CPU
		{1C411E1D-DC0D-48E4-B966-9950D5764E21}.Release|ARM.ActiveCfg = Release|Any CPU
		{1C411E1D-DC0D-48E4-B966-9950D5764E21}.Release|ARM.Build.0 = Release|Any CPU
		{1C411E1D-DC0D-48E4-B966-9950D5764E21}.Release|ARM.Deploy.0 = Release|Any CPU
		{1C411E1D-DC0D-48E4-B966-9950D5764E21}.Release|iPhone.ActiveCfg = Release|Any CPU
		{1C411E1D-DC0D-48E4-B966-9950D5764E21}.Release|iPhone.Build.0 = Release|Any CPU
		{1C411E1D-DC0D-48E4-B966-9950D5764E21}.Release|iPhone.Deploy.0 = Release|Any CPU
		{1C411E1D-DC0D-48E4-B966-9950D5764E21}.Release|iPhoneSimulator.ActiveCfg = Release|Any CPU
		{1C411E1D-DC0D-48E4-B966-9950D5764E21}.Release|iPhoneSimulator.Build.0 = Release|Any CPU
		{1C411E1D-DC0D-48E4-B966-9950D5764E21}.Release|iPhoneSimulator.Deploy.0 = Release|Any CPU
		{1C411E1D-DC0D-48E4-B966-9950D5764E21}.Release|x64.ActiveCfg = Release|Any CPU
		{1C411E1D-DC0D-48E4-B966-9950D5764E21}.Release|x64.Build.0 = Release|Any CPU
		{1C411E1D-DC0D-48E4-B966-9950D5764E21}.Release|x64.Deploy.0 = Release|Any CPU
		{1C411E1D-DC0D-48E4-B966-9950D5764E21}.Release|x86.ActiveCfg = Release|Any CPU
		{1C411E1D-DC0D-48E4-B966-9950D5764E21}.Release|x86.Build.0 = Release|Any CPU
		{1C411E1D-DC0D-48E4-B966-9950D5764E21}.Release|x86.Deploy.0 = Release|Any CPU
		{2B18292D-81F4-4638-BC57-5F4621BD2459}.AppStore|Any CPU.ActiveCfg = AppStore|Any CPU
		{2B18292D-81F4-4638-BC57-5F4621BD2459}.AppStore|ARM.ActiveCfg = AppStore|Any CPU
		{2B18292D-81F4-4638-BC57-5F4621BD2459}.AppStore|ARM.Build.0 = AppStore|Any CPU
		{2B18292D-81F4-4638-BC57-5F4621BD2459}.AppStore|iPhone.ActiveCfg = AppStore|Any CPU
		{2B18292D-81F4-4638-BC57-5F4621BD2459}.AppStore|iPhoneSimulator.ActiveCfg = AppStore|Any CPU
		{2B18292D-81F4-4638-BC57-5F4621BD2459}.AppStore|iPhoneSimulator.Build.0 = AppStore|Any CPU
		{2B18292D-81F4-4638-BC57-5F4621BD2459}.AppStore|x64.ActiveCfg = AppStore|Any CPU
		{2B18292D-81F4-4638-BC57-5F4621BD2459}.AppStore|x64.Build.0 = AppStore|Any CPU
		{2B18292D-81F4-4638-BC57-5F4621BD2459}.AppStore|x86.ActiveCfg = AppStore|Any CPU
		{2B18292D-81F4-4638-BC57-5F4621BD2459}.AppStore|x86.Build.0 = AppStore|Any CPU
		{2B18292D-81F4-4638-BC57-5F4621BD2459}.Debug|Any CPU.ActiveCfg = Debug|Any CPU
		{2B18292D-81F4-4638-BC57-5F4621BD2459}.Debug|Any CPU.Build.0 = Debug|Any CPU
		{2B18292D-81F4-4638-BC57-5F4621BD2459}.Debug|ARM.ActiveCfg = Debug|Any CPU
		{2B18292D-81F4-4638-BC57-5F4621BD2459}.Debug|ARM.Build.0 = Debug|Any CPU
		{2B18292D-81F4-4638-BC57-5F4621BD2459}.Debug|iPhone.ActiveCfg = Debug|Any CPU
		{2B18292D-81F4-4638-BC57-5F4621BD2459}.Debug|iPhone.Build.0 = Debug|Any CPU
		{2B18292D-81F4-4638-BC57-5F4621BD2459}.Debug|iPhoneSimulator.ActiveCfg = Debug|Any CPU
		{2B18292D-81F4-4638-BC57-5F4621BD2459}.Debug|iPhoneSimulator.Build.0 = Debug|Any CPU
		{2B18292D-81F4-4638-BC57-5F4621BD2459}.Debug|x64.ActiveCfg = Debug|Any CPU
		{2B18292D-81F4-4638-BC57-5F4621BD2459}.Debug|x64.Build.0 = Debug|Any CPU
		{2B18292D-81F4-4638-BC57-5F4621BD2459}.Debug|x86.ActiveCfg = Debug|Any CPU
		{2B18292D-81F4-4638-BC57-5F4621BD2459}.Debug|x86.Build.0 = Debug|Any CPU
		{2B18292D-81F4-4638-BC57-5F4621BD2459}.Release|Any CPU.ActiveCfg = Release|Any CPU
		{2B18292D-81F4-4638-BC57-5F4621BD2459}.Release|Any CPU.Build.0 = Release|Any CPU
		{2B18292D-81F4-4638-BC57-5F4621BD2459}.Release|ARM.ActiveCfg = Release|Any CPU
		{2B18292D-81F4-4638-BC57-5F4621BD2459}.Release|ARM.Build.0 = Release|Any CPU
		{2B18292D-81F4-4638-BC57-5F4621BD2459}.Release|iPhone.ActiveCfg = Release|Any CPU
		{2B18292D-81F4-4638-BC57-5F4621BD2459}.Release|iPhone.Build.0 = Release|Any CPU
		{2B18292D-81F4-4638-BC57-5F4621BD2459}.Release|iPhoneSimulator.ActiveCfg = Release|Any CPU
		{2B18292D-81F4-4638-BC57-5F4621BD2459}.Release|iPhoneSimulator.Build.0 = Release|Any CPU
		{2B18292D-81F4-4638-BC57-5F4621BD2459}.Release|x64.ActiveCfg = Release|Any CPU
		{2B18292D-81F4-4638-BC57-5F4621BD2459}.Release|x64.Build.0 = Release|Any CPU
		{2B18292D-81F4-4638-BC57-5F4621BD2459}.Release|x86.ActiveCfg = Release|Any CPU
		{2B18292D-81F4-4638-BC57-5F4621BD2459}.Release|x86.Build.0 = Release|Any CPU
		{4F636901-0B92-4B95-A55D-7EF3CC87D5C6}.AppStore|Any CPU.ActiveCfg = AppStore|Any CPU
		{4F636901-0B92-4B95-A55D-7EF3CC87D5C6}.AppStore|Any CPU.Build.0 = AppStore|Any CPU
		{4F636901-0B92-4B95-A55D-7EF3CC87D5C6}.AppStore|ARM.ActiveCfg = AppStore|Any CPU
		{4F636901-0B92-4B95-A55D-7EF3CC87D5C6}.AppStore|ARM.Build.0 = AppStore|Any CPU
		{4F636901-0B92-4B95-A55D-7EF3CC87D5C6}.AppStore|iPhone.ActiveCfg = AppStore|Any CPU
		{4F636901-0B92-4B95-A55D-7EF3CC87D5C6}.AppStore|iPhone.Build.0 = AppStore|Any CPU
		{4F636901-0B92-4B95-A55D-7EF3CC87D5C6}.AppStore|iPhoneSimulator.ActiveCfg = AppStore|Any CPU
		{4F636901-0B92-4B95-A55D-7EF3CC87D5C6}.AppStore|iPhoneSimulator.Build.0 = AppStore|Any CPU
		{4F636901-0B92-4B95-A55D-7EF3CC87D5C6}.AppStore|x64.ActiveCfg = AppStore|Any CPU
		{4F636901-0B92-4B95-A55D-7EF3CC87D5C6}.AppStore|x64.Build.0 = AppStore|Any CPU
		{4F636901-0B92-4B95-A55D-7EF3CC87D5C6}.AppStore|x86.ActiveCfg = AppStore|Any CPU
		{4F636901-0B92-4B95-A55D-7EF3CC87D5C6}.AppStore|x86.Build.0 = AppStore|Any CPU
		{4F636901-0B92-4B95-A55D-7EF3CC87D5C6}.Debug|Any CPU.ActiveCfg = Debug|Any CPU
		{4F636901-0B92-4B95-A55D-7EF3CC87D5C6}.Debug|Any CPU.Build.0 = Debug|Any CPU
		{4F636901-0B92-4B95-A55D-7EF3CC87D5C6}.Debug|ARM.ActiveCfg = Debug|Any CPU
		{4F636901-0B92-4B95-A55D-7EF3CC87D5C6}.Debug|ARM.Build.0 = Debug|Any CPU
		{4F636901-0B92-4B95-A55D-7EF3CC87D5C6}.Debug|iPhone.ActiveCfg = Debug|Any CPU
		{4F636901-0B92-4B95-A55D-7EF3CC87D5C6}.Debug|iPhone.Build.0 = Debug|Any CPU
		{4F636901-0B92-4B95-A55D-7EF3CC87D5C6}.Debug|iPhoneSimulator.ActiveCfg = Debug|Any CPU
		{4F636901-0B92-4B95-A55D-7EF3CC87D5C6}.Debug|iPhoneSimulator.Build.0 = Debug|Any CPU
		{4F636901-0B92-4B95-A55D-7EF3CC87D5C6}.Debug|x64.ActiveCfg = Debug|Any CPU
		{4F636901-0B92-4B95-A55D-7EF3CC87D5C6}.Debug|x64.Build.0 = Debug|Any CPU
		{4F636901-0B92-4B95-A55D-7EF3CC87D5C6}.Debug|x86.ActiveCfg = Debug|Any CPU
		{4F636901-0B92-4B95-A55D-7EF3CC87D5C6}.Debug|x86.Build.0 = Debug|Any CPU
		{4F636901-0B92-4B95-A55D-7EF3CC87D5C6}.Release|Any CPU.ActiveCfg = Release|Any CPU
		{4F636901-0B92-4B95-A55D-7EF3CC87D5C6}.Release|Any CPU.Build.0 = Release|Any CPU
		{4F636901-0B92-4B95-A55D-7EF3CC87D5C6}.Release|ARM.ActiveCfg = Release|Any CPU
		{4F636901-0B92-4B95-A55D-7EF3CC87D5C6}.Release|ARM.Build.0 = Release|Any CPU
		{4F636901-0B92-4B95-A55D-7EF3CC87D5C6}.Release|iPhone.ActiveCfg = Release|Any CPU
		{4F636901-0B92-4B95-A55D-7EF3CC87D5C6}.Release|iPhone.Build.0 = Release|Any CPU
		{4F636901-0B92-4B95-A55D-7EF3CC87D5C6}.Release|iPhoneSimulator.ActiveCfg = Release|Any CPU
		{4F636901-0B92-4B95-A55D-7EF3CC87D5C6}.Release|iPhoneSimulator.Build.0 = Release|Any CPU
		{4F636901-0B92-4B95-A55D-7EF3CC87D5C6}.Release|x64.ActiveCfg = Release|Any CPU
		{4F636901-0B92-4B95-A55D-7EF3CC87D5C6}.Release|x64.Build.0 = Release|Any CPU
		{4F636901-0B92-4B95-A55D-7EF3CC87D5C6}.Release|x86.ActiveCfg = Release|Any CPU
		{4F636901-0B92-4B95-A55D-7EF3CC87D5C6}.Release|x86.Build.0 = Release|Any CPU
		{7167A91C-515A-4C80-82D9-9BEABBB5C8D8}.AppStore|Any CPU.ActiveCfg = AppStore|Any CPU
		{7167A91C-515A-4C80-82D9-9BEABBB5C8D8}.AppStore|ARM.ActiveCfg = AppStore|Any CPU
		{7167A91C-515A-4C80-82D9-9BEABBB5C8D8}.AppStore|ARM.Build.0 = AppStore|Any CPU
		{7167A91C-515A-4C80-82D9-9BEABBB5C8D8}.AppStore|iPhone.ActiveCfg = AppStore|Any CPU
		{7167A91C-515A-4C80-82D9-9BEABBB5C8D8}.AppStore|iPhoneSimulator.ActiveCfg = AppStore|Any CPU
		{7167A91C-515A-4C80-82D9-9BEABBB5C8D8}.AppStore|iPhoneSimulator.Build.0 = AppStore|Any CPU
		{7167A91C-515A-4C80-82D9-9BEABBB5C8D8}.AppStore|x64.ActiveCfg = AppStore|Any CPU
		{7167A91C-515A-4C80-82D9-9BEABBB5C8D8}.AppStore|x64.Build.0 = AppStore|Any CPU
		{7167A91C-515A-4C80-82D9-9BEABBB5C8D8}.AppStore|x86.ActiveCfg = AppStore|Any CPU
		{7167A91C-515A-4C80-82D9-9BEABBB5C8D8}.AppStore|x86.Build.0 = AppStore|Any CPU
		{7167A91C-515A-4C80-82D9-9BEABBB5C8D8}.Debug|Any CPU.ActiveCfg = Debug|Any CPU
		{7167A91C-515A-4C80-82D9-9BEABBB5C8D8}.Debug|Any CPU.Build.0 = Debug|Any CPU
		{7167A91C-515A-4C80-82D9-9BEABBB5C8D8}.Debug|ARM.ActiveCfg = Debug|Any CPU
		{7167A91C-515A-4C80-82D9-9BEABBB5C8D8}.Debug|ARM.Build.0 = Debug|Any CPU
		{7167A91C-515A-4C80-82D9-9BEABBB5C8D8}.Debug|iPhone.ActiveCfg = Debug|Any CPU
		{7167A91C-515A-4C80-82D9-9BEABBB5C8D8}.Debug|iPhone.Build.0 = Debug|Any CPU
		{7167A91C-515A-4C80-82D9-9BEABBB5C8D8}.Debug|iPhoneSimulator.ActiveCfg = Debug|Any CPU
		{7167A91C-515A-4C80-82D9-9BEABBB5C8D8}.Debug|iPhoneSimulator.Build.0 = Debug|Any CPU
		{7167A91C-515A-4C80-82D9-9BEABBB5C8D8}.Debug|x64.ActiveCfg = Debug|Any CPU
		{7167A91C-515A-4C80-82D9-9BEABBB5C8D8}.Debug|x64.Build.0 = Debug|Any CPU
		{7167A91C-515A-4C80-82D9-9BEABBB5C8D8}.Debug|x86.ActiveCfg = Debug|Any CPU
		{7167A91C-515A-4C80-82D9-9BEABBB5C8D8}.Debug|x86.Build.0 = Debug|Any CPU
		{7167A91C-515A-4C80-82D9-9BEABBB5C8D8}.Release|Any CPU.ActiveCfg = Release|Any CPU
		{7167A91C-515A-4C80-82D9-9BEABBB5C8D8}.Release|Any CPU.Build.0 = Release|Any CPU
		{7167A91C-515A-4C80-82D9-9BEABBB5C8D8}.Release|ARM.ActiveCfg = Release|Any CPU
		{7167A91C-515A-4C80-82D9-9BEABBB5C8D8}.Release|ARM.Build.0 = Release|Any CPU
		{7167A91C-515A-4C80-82D9-9BEABBB5C8D8}.Release|iPhone.ActiveCfg = Release|Any CPU
		{7167A91C-515A-4C80-82D9-9BEABBB5C8D8}.Release|iPhone.Build.0 = Release|Any CPU
		{7167A91C-515A-4C80-82D9-9BEABBB5C8D8}.Release|iPhoneSimulator.ActiveCfg = Release|Any CPU
		{7167A91C-515A-4C80-82D9-9BEABBB5C8D8}.Release|iPhoneSimulator.Build.0 = Release|Any CPU
		{7167A91C-515A-4C80-82D9-9BEABBB5C8D8}.Release|x64.ActiveCfg = Release|Any CPU
		{7167A91C-515A-4C80-82D9-9BEABBB5C8D8}.Release|x64.Build.0 = Release|Any CPU
		{7167A91C-515A-4C80-82D9-9BEABBB5C8D8}.Release|x86.ActiveCfg = Release|Any CPU
		{7167A91C-515A-4C80-82D9-9BEABBB5C8D8}.Release|x86.Build.0 = Release|Any CPU
		{D4D98349-7B64-4F77-80EE-D8128F34590F}.AppStore|Any CPU.ActiveCfg = Release|Any CPU
		{D4D98349-7B64-4F77-80EE-D8128F34590F}.AppStore|Any CPU.Build.0 = Release|Any CPU
		{D4D98349-7B64-4F77-80EE-D8128F34590F}.AppStore|ARM.ActiveCfg = Release|Any CPU
		{D4D98349-7B64-4F77-80EE-D8128F34590F}.AppStore|ARM.Build.0 = Release|Any CPU
		{D4D98349-7B64-4F77-80EE-D8128F34590F}.AppStore|iPhone.ActiveCfg = Release|Any CPU
		{D4D98349-7B64-4F77-80EE-D8128F34590F}.AppStore|iPhone.Build.0 = Release|Any CPU
		{D4D98349-7B64-4F77-80EE-D8128F34590F}.AppStore|iPhoneSimulator.ActiveCfg = Release|Any CPU
		{D4D98349-7B64-4F77-80EE-D8128F34590F}.AppStore|iPhoneSimulator.Build.0 = Release|Any CPU
		{D4D98349-7B64-4F77-80EE-D8128F34590F}.AppStore|x64.ActiveCfg = Release|Any CPU
		{D4D98349-7B64-4F77-80EE-D8128F34590F}.AppStore|x64.Build.0 = Release|Any CPU
		{D4D98349-7B64-4F77-80EE-D8128F34590F}.AppStore|x86.ActiveCfg = Release|Any CPU
		{D4D98349-7B64-4F77-80EE-D8128F34590F}.AppStore|x86.Build.0 = Release|Any CPU
		{D4D98349-7B64-4F77-80EE-D8128F34590F}.Debug|Any CPU.ActiveCfg = Debug|Any CPU
		{D4D98349-7B64-4F77-80EE-D8128F34590F}.Debug|Any CPU.Build.0 = Debug|Any CPU
		{D4D98349-7B64-4F77-80EE-D8128F34590F}.Debug|ARM.ActiveCfg = Debug|Any CPU
		{D4D98349-7B64-4F77-80EE-D8128F34590F}.Debug|ARM.Build.0 = Debug|Any CPU
		{D4D98349-7B64-4F77-80EE-D8128F34590F}.Debug|iPhone.ActiveCfg = Debug|Any CPU
		{D4D98349-7B64-4F77-80EE-D8128F34590F}.Debug|iPhone.Build.0 = Debug|Any CPU
		{D4D98349-7B64-4F77-80EE-D8128F34590F}.Debug|iPhoneSimulator.ActiveCfg = Debug|Any CPU
		{D4D98349-7B64-4F77-80EE-D8128F34590F}.Debug|iPhoneSimulator.Build.0 = Debug|Any CPU
		{D4D98349-7B64-4F77-80EE-D8128F34590F}.Debug|x64.ActiveCfg = Debug|Any CPU
		{D4D98349-7B64-4F77-80EE-D8128F34590F}.Debug|x64.Build.0 = Debug|Any CPU
		{D4D98349-7B64-4F77-80EE-D8128F34590F}.Debug|x86.ActiveCfg = Debug|Any CPU
		{D4D98349-7B64-4F77-80EE-D8128F34590F}.Debug|x86.Build.0 = Debug|Any CPU
		{D4D98349-7B64-4F77-80EE-D8128F34590F}.Release|Any CPU.ActiveCfg = Release|Any CPU
		{D4D98349-7B64-4F77-80EE-D8128F34590F}.Release|Any CPU.Build.0 = Release|Any CPU
		{D4D98349-7B64-4F77-80EE-D8128F34590F}.Release|ARM.ActiveCfg = Release|Any CPU
		{D4D98349-7B64-4F77-80EE-D8128F34590F}.Release|ARM.Build.0 = Release|Any CPU
		{D4D98349-7B64-4F77-80EE-D8128F34590F}.Release|iPhone.ActiveCfg = Release|Any CPU
		{D4D98349-7B64-4F77-80EE-D8128F34590F}.Release|iPhone.Build.0 = Release|Any CPU
		{D4D98349-7B64-4F77-80EE-D8128F34590F}.Release|iPhoneSimulator.ActiveCfg = Release|Any CPU
		{D4D98349-7B64-4F77-80EE-D8128F34590F}.Release|iPhoneSimulator.Build.0 = Release|Any CPU
		{D4D98349-7B64-4F77-80EE-D8128F34590F}.Release|x64.ActiveCfg = Release|Any CPU
		{D4D98349-7B64-4F77-80EE-D8128F34590F}.Release|x64.Build.0 = Release|Any CPU
		{D4D98349-7B64-4F77-80EE-D8128F34590F}.Release|x86.ActiveCfg = Release|Any CPU
		{D4D98349-7B64-4F77-80EE-D8128F34590F}.Release|x86.Build.0 = Release|Any CPU
	EndGlobalSection
	GlobalSection(SolutionProperties) = preSolution
		HideSolutionNode = FALSE
	EndGlobalSection
	GlobalSection(ExtensibilityGlobals) = postSolution
		SolutionGuid = {4CD8C205-31A0-492A-AA81-CA9839B2BE0E}
	EndGlobalSection
EndGlobal
