Microsoft Visual Studio Solution File, Format Version 12.00
# Visual Studio 15
VisualStudioVersion = 15.0.26730.16
MinimumVisualStudioVersion = 10.0.40219.1
Project("{D954291E-2A0B-460D-934E-DC6B0785DB48}") = "ProjectCanine", "ProjectCanine\ProjectCanine.shproj", "{961B2C91-6D12-4845-B791-ED5B6A2062A4}"
EndProject
Project("{FAE04EC0-301F-11D3-BF4B-00C04F79EFBC}") = "ProjectCanine.iOS", "iOS\ProjectCanine.iOS.csproj", "{53F2BEFE-CCDE-44E1-A64E-1D2C234B96EE}"
EndProject
Project("{FAE04EC0-301F-11D3-BF4B-00C04F79EFBC}") = "ProjectCanine.Droid", "Droid\ProjectCanine.Droid.csproj", "{504513E1-C2CB-421F-AC6B-906B423E07D7}"
EndProject
Project("{9A19103F-16F7-4668-BE54-9A1E7A4F7556}") = "ProjectCanine.MobileAppService", "MobileAppService\ProjectCanine.MobileAppService.csproj", "{F2A99F10-EF26-40CC-A931-8E499967DDC9}"
EndProject
Project("{00D1A9C2-B5F0-4AF3-8072-F6C62B433612}") = "ProjectCanine.Database", "ProjectCanineDatabase\ProjectCanine.Database.sqlproj", "{1C411E1D-DC0D-48E4-B966-9950D5764E21}"
EndProject
Project("{FAE04EC0-301F-11D3-BF4B-00C04F79EFBC}") = "ProjectCanine.AdminPortal", "ProjectCanine.AdminPortal\ProjectCanine.AdminPortal.csproj", "{2B18292D-81F4-4638-BC57-5F4621BD2459}"
EndProject
Project("{FAE04EC0-301F-11D3-BF4B-00C04F79EFBC}") = "ProjectCanine.AdminPortal.Tests", "ProjectCanine.AdminPortal.Tests\ProjectCanine.AdminPortal.Tests.csproj", "{433FC61D-8A87-46B0-9D1B-84ACC5FFFFE3}"
EndProject
Project("{FAE04EC0-301F-11D3-BF4B-00C04F79EFBC}") = "ProjectCanine.Core", "ProjectCanine.Core\ProjectCanine.Core.csproj", "{4F636901-0B92-4B95-A55D-7EF3CC87D5C6}"
EndProject
Global
	GlobalSection(SharedMSBuildProjectFiles) = preSolution
		ProjectCanine\ProjectCanine.projitems*{504513e1-c2cb-421f-ac6b-906b423e07d7}*SharedItemsImports = 4
		ProjectCanine\ProjectCanine.projitems*{53f2befe-ccde-44e1-a64e-1d2c234b96ee}*SharedItemsImports = 4
		ProjectCanine\ProjectCanine.projitems*{961b2c91-6d12-4845-b791-ed5b6a2062a4}*SharedItemsImports = 13
	EndGlobalSection
	GlobalSection(SolutionConfigurationPlatforms) = preSolution
		Debug|Any CPU = Debug|Any CPU
		Debug|ARM = Debug|ARM
		Debug|iPhone = Debug|iPhone
		Debug|iPhoneSimulator = Debug|iPhoneSimulator
		Debug|x64 = Debug|x64
		Debug|x86 = Debug|x86
		Release|Any CPU = Release|Any CPU
		Release|ARM = Release|ARM
		Release|iPhone = Release|iPhone
		Release|iPhoneSimulator = Release|iPhoneSimulator
		Release|x64 = Release|x64
		Release|x86 = Release|x86
	EndGlobalSection
	GlobalSection(ProjectConfigurationPlatforms) = postSolution
		{53F2BEFE-CCDE-44E1-A64E-1D2C234B96EE}.Debug|Any CPU.ActiveCfg = Debug|iPhoneSimulator
		{53F2BEFE-CCDE-44E1-A64E-1D2C234B96EE}.Debug|Any CPU.Build.0 = Debug|iPhoneSimulator
		{53F2BEFE-CCDE-44E1-A64E-1D2C234B96EE}.Debug|ARM.ActiveCfg = Debug|iPhone
		{53F2BEFE-CCDE-44E1-A64E-1D2C234B96EE}.Debug|iPhone.ActiveCfg = Debug|iPhone
		{53F2BEFE-CCDE-44E1-A64E-1D2C234B96EE}.Debug|iPhone.Build.0 = Debug|iPhone
		{53F2BEFE-CCDE-44E1-A64E-1D2C234B96EE}.Debug|iPhoneSimulator.ActiveCfg = Debug|iPhoneSimulator
		{53F2BEFE-CCDE-44E1-A64E-1D2C234B96EE}.Debug|iPhoneSimulator.Build.0 = Debug|iPhoneSimulator
		{53F2BEFE-CCDE-44E1-A64E-1D2C234B96EE}.Debug|x64.ActiveCfg = Debug|iPhone
		{53F2BEFE-CCDE-44E1-A64E-1D2C234B96EE}.Debug|x86.ActiveCfg = Debug|iPhone
		{53F2BEFE-CCDE-44E1-A64E-1D2C234B96EE}.Release|Any CPU.ActiveCfg = Release|iPhone
		{53F2BEFE-CCDE-44E1-A64E-1D2C234B96EE}.Release|Any CPU.Build.0 = Release|iPhone
		{53F2BEFE-CCDE-44E1-A64E-1D2C234B96EE}.Release|ARM.ActiveCfg = Release|iPhoneSimulator
		{53F2BEFE-CCDE-44E1-A64E-1D2C234B96EE}.Release|iPhone.ActiveCfg = Release|iPhone
		{53F2BEFE-CCDE-44E1-A64E-1D2C234B96EE}.Release|iPhone.Build.0 = Release|iPhone
		{53F2BEFE-CCDE-44E1-A64E-1D2C234B96EE}.Release|iPhoneSimulator.ActiveCfg = Release|iPhoneSimulator
		{53F2BEFE-CCDE-44E1-A64E-1D2C234B96EE}.Release|iPhoneSimulator.Build.0 = Release|iPhoneSimulator
		{53F2BEFE-CCDE-44E1-A64E-1D2C234B96EE}.Release|x64.ActiveCfg = Release|iPhoneSimulator
		{53F2BEFE-CCDE-44E1-A64E-1D2C234B96EE}.Release|x86.ActiveCfg = Release|iPhoneSimulator
		{504513E1-C2CB-421F-AC6B-906B423E07D7}.Debug|Any CPU.ActiveCfg = Debug|Any CPU
		{504513E1-C2CB-421F-AC6B-906B423E07D7}.Debug|Any CPU.Build.0 = Debug|Any CPU
		{504513E1-C2CB-421F-AC6B-906B423E07D7}.Debug|Any CPU.Deploy.0 = Debug|Any CPU
		{504513E1-C2CB-421F-AC6B-906B423E07D7}.Debug|ARM.ActiveCfg = Debug|Any CPU
		{504513E1-C2CB-421F-AC6B-906B423E07D7}.Debug|ARM.Build.0 = Debug|Any CPU
		{504513E1-C2CB-421F-AC6B-906B423E07D7}.Debug|ARM.Deploy.0 = Debug|Any CPU
		{504513E1-C2CB-421F-AC6B-906B423E07D7}.Debug|iPhone.ActiveCfg = Debug|Any CPU
		{504513E1-C2CB-421F-AC6B-906B423E07D7}.Debug|iPhone.Build.0 = Debug|Any CPU
		{504513E1-C2CB-421F-AC6B-906B423E07D7}.Debug|iPhoneSimulator.ActiveCfg = Debug|Any CPU
		{504513E1-C2CB-421F-AC6B-906B423E07D7}.Debug|iPhoneSimulator.Build.0 = Debug|Any CPU
		{504513E1-C2CB-421F-AC6B-906B423E07D7}.Debug|x64.ActiveCfg = Debug|Any CPU
		{504513E1-C2CB-421F-AC6B-906B423E07D7}.Debug|x64.Build.0 = Debug|Any CPU
		{504513E1-C2CB-421F-AC6B-906B423E07D7}.Debug|x64.Deploy.0 = Debug|Any CPU
		{504513E1-C2CB-421F-AC6B-906B423E07D7}.Debug|x86.ActiveCfg = Debug|Any CPU
		{504513E1-C2CB-421F-AC6B-906B423E07D7}.Debug|x86.Build.0 = Debug|Any CPU
		{504513E1-C2CB-421F-AC6B-906B423E07D7}.Debug|x86.Deploy.0 = Debug|Any CPU
		{504513E1-C2CB-421F-AC6B-906B423E07D7}.Release|Any CPU.ActiveCfg = Release|Any CPU
		{504513E1-C2CB-421F-AC6B-906B423E07D7}.Release|Any CPU.Build.0 = Release|Any CPU
		{504513E1-C2CB-421F-AC6B-906B423E07D7}.Release|ARM.ActiveCfg = Release|Any CPU
		{504513E1-C2CB-421F-AC6B-906B423E07D7}.Release|ARM.Build.0 = Release|Any CPU
		{504513E1-C2CB-421F-AC6B-906B423E07D7}.Release|ARM.Deploy.0 = Release|Any CPU
		{504513E1-C2CB-421F-AC6B-906B423E07D7}.Release|iPhone.ActiveCfg = Release|Any CPU
		{504513E1-C2CB-421F-AC6B-906B423E07D7}.Release|iPhone.Build.0 = Release|Any CPU
		{504513E1-C2CB-421F-AC6B-906B423E07D7}.Release|iPhoneSimulator.ActiveCfg = Release|Any CPU
		{504513E1-C2CB-421F-AC6B-906B423E07D7}.Release|iPhoneSimulator.Build.0 = Release|Any CPU
		{504513E1-C2CB-421F-AC6B-906B423E07D7}.Release|x64.ActiveCfg = Release|Any CPU
		{504513E1-C2CB-421F-AC6B-906B423E07D7}.Release|x64.Build.0 = Release|Any CPU
		{504513E1-C2CB-421F-AC6B-906B423E07D7}.Release|x64.Deploy.0 = Release|Any CPU
		{504513E1-C2CB-421F-AC6B-906B423E07D7}.Release|x86.ActiveCfg = Release|Any CPU
		{504513E1-C2CB-421F-AC6B-906B423E07D7}.Release|x86.Build.0 = Release|Any CPU
		{504513E1-C2CB-421F-AC6B-906B423E07D7}.Release|x86.Deploy.0 = Release|Any CPU
		{F2A99F10-EF26-40CC-A931-8E499967DDC9}.Debug|Any CPU.ActiveCfg = Debug|Any CPU
		{F2A99F10-EF26-40CC-A931-8E499967DDC9}.Debug|Any CPU.Build.0 = Debug|Any CPU
		{F2A99F10-EF26-40CC-A931-8E499967DDC9}.Debug|ARM.ActiveCfg = Debug|Any CPU
		{F2A99F10-EF26-40CC-A931-8E499967DDC9}.Debug|ARM.Build.0 = Debug|Any CPU
		{F2A99F10-EF26-40CC-A931-8E499967DDC9}.Debug|iPhone.ActiveCfg = Debug|Any CPU
		{F2A99F10-EF26-40CC-A931-8E499967DDC9}.Debug|iPhone.Build.0 = Debug|Any CPU
		{F2A99F10-EF26-40CC-A931-8E499967DDC9}.Debug|iPhoneSimulator.ActiveCfg = Debug|Any CPU
		{F2A99F10-EF26-40CC-A931-8E499967DDC9}.Debug|iPhoneSimulator.Build.0 = Debug|Any CPU
		{F2A99F10-EF26-40CC-A931-8E499967DDC9}.Debug|x64.ActiveCfg = Debug|Any CPU
		{F2A99F10-EF26-40CC-A931-8E499967DDC9}.Debug|x64.Build.0 = Debug|Any CPU
		{F2A99F10-EF26-40CC-A931-8E499967DDC9}.Debug|x86.ActiveCfg = Debug|Any CPU
		{F2A99F10-EF26-40CC-A931-8E499967DDC9}.Debug|x86.Build.0 = Debug|Any CPU
		{F2A99F10-EF26-40CC-A931-8E499967DDC9}.Release|Any CPU.ActiveCfg = Release|Any CPU
		{F2A99F10-EF26-40CC-A931-8E499967DDC9}.Release|ARM.ActiveCfg = Release|Any CPU
		{F2A99F10-EF26-40CC-A931-8E499967DDC9}.Release|ARM.Build.0 = Release|Any CPU
		{F2A99F10-EF26-40CC-A931-8E499967DDC9}.Release|iPhone.ActiveCfg = Release|Any CPU
		{F2A99F10-EF26-40CC-A931-8E499967DDC9}.Release|iPhoneSimulator.ActiveCfg = Release|Any CPU
		{F2A99F10-EF26-40CC-A931-8E499967DDC9}.Release|x64.ActiveCfg = Release|Any CPU
		{F2A99F10-EF26-40CC-A931-8E499967DDC9}.Release|x64.Build.0 = Release|Any CPU
		{F2A99F10-EF26-40CC-A931-8E499967DDC9}.Release|x86.ActiveCfg = Release|Any CPU
		{1C411E1D-DC0D-48E4-B966-9950D5764E21}.Debug|Any CPU.ActiveCfg = Debug|Any CPU
		{1C411E1D-DC0D-48E4-B966-9950D5764E21}.Debug|Any CPU.Build.0 = Debug|Any CPU
		{1C411E1D-DC0D-48E4-B966-9950D5764E21}.Debug|Any CPU.Deploy.0 = Debug|Any CPU
		{1C411E1D-DC0D-48E4-B966-9950D5764E21}.Debug|ARM.ActiveCfg = Debug|Any CPU
		{1C411E1D-DC0D-48E4-B966-9950D5764E21}.Debug|ARM.Build.0 = Debug|Any CPU
		{1C411E1D-DC0D-48E4-B966-9950D5764E21}.Debug|ARM.Deploy.0 = Debug|Any CPU
		{1C411E1D-DC0D-48E4-B966-9950D5764E21}.Debug|iPhone.ActiveCfg = Debug|Any CPU
		{1C411E1D-DC0D-48E4-B966-9950D5764E21}.Debug|iPhone.Build.0 = Debug|Any CPU
		{1C411E1D-DC0D-48E4-B966-9950D5764E21}.Debug|iPhone.Deploy.0 = Debug|Any CPU
		{1C411E1D-DC0D-48E4-B966-9950D5764E21}.Debug|iPhoneSimulator.ActiveCfg = Debug|Any CPU
		{1C411E1D-DC0D-48E4-B966-9950D5764E21}.Debug|iPhoneSimulator.Build.0 = Debug|Any CPU
		{1C411E1D-DC0D-48E4-B966-9950D5764E21}.Debug|iPhoneSimulator.Deploy.0 = Debug|Any CPU
		{1C411E1D-DC0D-48E4-B966-9950D5764E21}.Debug|x64.ActiveCfg = Debug|Any CPU
		{1C411E1D-DC0D-48E4-B966-9950D5764E21}.Debug|x64.Build.0 = Debug|Any CPU
		{1C411E1D-DC0D-48E4-B966-9950D5764E21}.Debug|x64.Deploy.0 = Debug|Any CPU
		{1C411E1D-DC0D-48E4-B966-9950D5764E21}.Debug|x86.ActiveCfg = Debug|Any CPU
		{1C411E1D-DC0D-48E4-B966-9950D5764E21}.Debug|x86.Build.0 = Debug|Any CPU
		{1C411E1D-DC0D-48E4-B966-9950D5764E21}.Debug|x86.Deploy.0 = Debug|Any CPU
		{1C411E1D-DC0D-48E4-B966-9950D5764E21}.Release|Any CPU.ActiveCfg = Release|Any CPU
		{1C411E1D-DC0D-48E4-B966-9950D5764E21}.Release|Any CPU.Build.0 = Release|Any CPU
		{1C411E1D-DC0D-48E4-B966-9950D5764E21}.Release|Any CPU.Deploy.0 = Release|Any CPU
		{1C411E1D-DC0D-48E4-B966-9950D5764E21}.Release|ARM.ActiveCfg = Release|Any CPU
		{1C411E1D-DC0D-48E4-B966-9950D5764E21}.Release|ARM.Build.0 = Release|Any CPU
		{1C411E1D-DC0D-48E4-B966-9950D5764E21}.Release|ARM.Deploy.0 = Release|Any CPU
		{1C411E1D-DC0D-48E4-B966-9950D5764E21}.Release|iPhone.ActiveCfg = Release|Any CPU
		{1C411E1D-DC0D-48E4-B966-9950D5764E21}.Release|iPhone.Build.0 = Release|Any CPU
		{1C411E1D-DC0D-48E4-B966-9950D5764E21}.Release|iPhone.Deploy.0 = Release|Any CPU
		{1C411E1D-DC0D-48E4-B966-9950D5764E21}.Release|iPhoneSimulator.ActiveCfg = Release|Any CPU
		{1C411E1D-DC0D-48E4-B966-9950D5764E21}.Release|iPhoneSimulator.Build.0 = Release|Any CPU
		{1C411E1D-DC0D-48E4-B966-9950D5764E21}.Release|iPhoneSimulator.Deploy.0 = Release|Any CPU
		{1C411E1D-DC0D-48E4-B966-9950D5764E21}.Release|x64.ActiveCfg = Release|Any CPU
		{1C411E1D-DC0D-48E4-B966-9950D5764E21}.Release|x64.Build.0 = Release|Any CPU
		{1C411E1D-DC0D-48E4-B966-9950D5764E21}.Release|x64.Deploy.0 = Release|Any CPU
		{1C411E1D-DC0D-48E4-B966-9950D5764E21}.Release|x86.ActiveCfg = Release|Any CPU
		{1C411E1D-DC0D-48E4-B966-9950D5764E21}.Release|x86.Build.0 = Release|Any CPU
		{1C411E1D-DC0D-48E4-B966-9950D5764E21}.Release|x86.Deploy.0 = Release|Any CPU
		{2B18292D-81F4-4638-BC57-5F4621BD2459}.Debug|Any CPU.ActiveCfg = Debug|Any CPU
		{2B18292D-81F4-4638-BC57-5F4621BD2459}.Debug|Any CPU.Build.0 = Debug|Any CPU
		{2B18292D-81F4-4638-BC57-5F4621BD2459}.Debug|ARM.ActiveCfg = Debug|Any CPU
		{2B18292D-81F4-4638-BC57-5F4621BD2459}.Debug|ARM.Build.0 = Debug|Any CPU
		{2B18292D-81F4-4638-BC57-5F4621BD2459}.Debug|iPhone.ActiveCfg = Debug|Any CPU
		{2B18292D-81F4-4638-BC57-5F4621BD2459}.Debug|iPhone.Build.0 = Debug|Any CPU
		{2B18292D-81F4-4638-BC57-5F4621BD2459}.Debug|iPhoneSimulator.ActiveCfg = Debug|Any CPU
		{2B18292D-81F4-4638-BC57-5F4621BD2459}.Debug|iPhoneSimulator.Build.0 = Debug|Any CPU
		{2B18292D-81F4-4638-BC57-5F4621BD2459}.Debug|x64.ActiveCfg = Debug|Any CPU
		{2B18292D-81F4-4638-BC57-5F4621BD2459}.Debug|x64.Build.0 = Debug|Any CPU
		{2B18292D-81F4-4638-BC57-5F4621BD2459}.Debug|x86.ActiveCfg = Debug|Any CPU
		{2B18292D-81F4-4638-BC57-5F4621BD2459}.Debug|x86.Build.0 = Debug|Any CPU
		{2B18292D-81F4-4638-BC57-5F4621BD2459}.Release|Any CPU.ActiveCfg = Release|Any CPU
		{2B18292D-81F4-4638-BC57-5F4621BD2459}.Release|Any CPU.Build.0 = Release|Any CPU
		{2B18292D-81F4-4638-BC57-5F4621BD2459}.Release|ARM.ActiveCfg = Release|Any CPU
		{2B18292D-81F4-4638-BC57-5F4621BD2459}.Release|ARM.Build.0 = Release|Any CPU
		{2B18292D-81F4-4638-BC57-5F4621BD2459}.Release|iPhone.ActiveCfg = Release|Any CPU
		{2B18292D-81F4-4638-BC57-5F4621BD2459}.Release|iPhone.Build.0 = Release|Any CPU
		{2B18292D-81F4-4638-BC57-5F4621BD2459}.Release|iPhoneSimulator.ActiveCfg = Release|Any CPU
		{2B18292D-81F4-4638-BC57-5F4621BD2459}.Release|iPhoneSimulator.Build.0 = Release|Any CPU
		{2B18292D-81F4-4638-BC57-5F4621BD2459}.Release|x64.ActiveCfg = Release|Any CPU
		{2B18292D-81F4-4638-BC57-5F4621BD2459}.Release|x64.Build.0 = Release|Any CPU
		{2B18292D-81F4-4638-BC57-5F4621BD2459}.Release|x86.ActiveCfg = Release|Any CPU
		{2B18292D-81F4-4638-BC57-5F4621BD2459}.Release|x86.Build.0 = Release|Any CPU
		{433FC61D-8A87-46B0-9D1B-84ACC5FFFFE3}.Debug|Any CPU.ActiveCfg = Debug|Any CPU
		{433FC61D-8A87-46B0-9D1B-84ACC5FFFFE3}.Debug|Any CPU.Build.0 = Debug|Any CPU
		{433FC61D-8A87-46B0-9D1B-84ACC5FFFFE3}.Debug|ARM.ActiveCfg = Debug|Any CPU
		{433FC61D-8A87-46B0-9D1B-84ACC5FFFFE3}.Debug|ARM.Build.0 = Debug|Any CPU
		{433FC61D-8A87-46B0-9D1B-84ACC5FFFFE3}.Debug|iPhone.ActiveCfg = Debug|Any CPU
		{433FC61D-8A87-46B0-9D1B-84ACC5FFFFE3}.Debug|iPhone.Build.0 = Debug|Any CPU
		{433FC61D-8A87-46B0-9D1B-84ACC5FFFFE3}.Debug|iPhoneSimulator.ActiveCfg = Debug|Any CPU
		{433FC61D-8A87-46B0-9D1B-84ACC5FFFFE3}.Debug|iPhoneSimulator.Build.0 = Debug|Any CPU
		{433FC61D-8A87-46B0-9D1B-84ACC5FFFFE3}.Debug|x64.ActiveCfg = Debug|Any CPU
		{433FC61D-8A87-46B0-9D1B-84ACC5FFFFE3}.Debug|x64.Build.0 = Debug|Any CPU
		{433FC61D-8A87-46B0-9D1B-84ACC5FFFFE3}.Debug|x86.ActiveCfg = Debug|Any CPU
		{433FC61D-8A87-46B0-9D1B-84ACC5FFFFE3}.Debug|x86.Build.0 = Debug|Any CPU
		{433FC61D-8A87-46B0-9D1B-84ACC5FFFFE3}.Release|Any CPU.ActiveCfg = Release|Any CPU
		{433FC61D-8A87-46B0-9D1B-84ACC5FFFFE3}.Release|Any CPU.Build.0 = Release|Any CPU
		{433FC61D-8A87-46B0-9D1B-84ACC5FFFFE3}.Release|ARM.ActiveCfg = Release|Any CPU
		{433FC61D-8A87-46B0-9D1B-84ACC5FFFFE3}.Release|ARM.Build.0 = Release|Any CPU
		{433FC61D-8A87-46B0-9D1B-84ACC5FFFFE3}.Release|iPhone.ActiveCfg = Release|Any CPU
		{433FC61D-8A87-46B0-9D1B-84ACC5FFFFE3}.Release|iPhone.Build.0 = Release|Any CPU
		{433FC61D-8A87-46B0-9D1B-84ACC5FFFFE3}.Release|iPhoneSimulator.ActiveCfg = Release|Any CPU
		{433FC61D-8A87-46B0-9D1B-84ACC5FFFFE3}.Release|iPhoneSimulator.Build.0 = Release|Any CPU
		{433FC61D-8A87-46B0-9D1B-84ACC5FFFFE3}.Release|x64.ActiveCfg = Release|Any CPU
		{433FC61D-8A87-46B0-9D1B-84ACC5FFFFE3}.Release|x64.Build.0 = Release|Any CPU
		{433FC61D-8A87-46B0-9D1B-84ACC5FFFFE3}.Release|x86.ActiveCfg = Release|Any CPU
		{433FC61D-8A87-46B0-9D1B-84ACC5FFFFE3}.Release|x86.Build.0 = Release|Any CPU
		{4F636901-0B92-4B95-A55D-7EF3CC87D5C6}.Debug|Any CPU.ActiveCfg = Debug|Any CPU
		{4F636901-0B92-4B95-A55D-7EF3CC87D5C6}.Debug|Any CPU.Build.0 = Debug|Any CPU
		{4F636901-0B92-4B95-A55D-7EF3CC87D5C6}.Debug|ARM.ActiveCfg = Debug|Any CPU
		{4F636901-0B92-4B95-A55D-7EF3CC87D5C6}.Debug|ARM.Build.0 = Debug|Any CPU
		{4F636901-0B92-4B95-A55D-7EF3CC87D5C6}.Debug|iPhone.ActiveCfg = Debug|Any CPU
		{4F636901-0B92-4B95-A55D-7EF3CC87D5C6}.Debug|iPhone.Build.0 = Debug|Any CPU
		{4F636901-0B92-4B95-A55D-7EF3CC87D5C6}.Debug|iPhoneSimulator.ActiveCfg = Debug|Any CPU
		{4F636901-0B92-4B95-A55D-7EF3CC87D5C6}.Debug|iPhoneSimulator.Build.0 = Debug|Any CPU
		{4F636901-0B92-4B95-A55D-7EF3CC87D5C6}.Debug|x64.ActiveCfg = Debug|Any CPU
		{4F636901-0B92-4B95-A55D-7EF3CC87D5C6}.Debug|x64.Build.0 = Debug|Any CPU
		{4F636901-0B92-4B95-A55D-7EF3CC87D5C6}.Debug|x86.ActiveCfg = Debug|Any CPU
		{4F636901-0B92-4B95-A55D-7EF3CC87D5C6}.Debug|x86.Build.0 = Debug|Any CPU
		{4F636901-0B92-4B95-A55D-7EF3CC87D5C6}.Release|Any CPU.ActiveCfg = Release|Any CPU
		{4F636901-0B92-4B95-A55D-7EF3CC87D5C6}.Release|Any CPU.Build.0 = Release|Any CPU
		{4F636901-0B92-4B95-A55D-7EF3CC87D5C6}.Release|ARM.ActiveCfg = Release|Any CPU
		{4F636901-0B92-4B95-A55D-7EF3CC87D5C6}.Release|ARM.Build.0 = Release|Any CPU
		{4F636901-0B92-4B95-A55D-7EF3CC87D5C6}.Release|iPhone.ActiveCfg = Release|Any CPU
		{4F636901-0B92-4B95-A55D-7EF3CC87D5C6}.Release|iPhone.Build.0 = Release|Any CPU
		{4F636901-0B92-4B95-A55D-7EF3CC87D5C6}.Release|iPhoneSimulator.ActiveCfg = Release|Any CPU
		{4F636901-0B92-4B95-A55D-7EF3CC87D5C6}.Release|iPhoneSimulator.Build.0 = Release|Any CPU
		{4F636901-0B92-4B95-A55D-7EF3CC87D5C6}.Release|x64.ActiveCfg = Release|Any CPU
		{4F636901-0B92-4B95-A55D-7EF3CC87D5C6}.Release|x64.Build.0 = Release|Any CPU
		{4F636901-0B92-4B95-A55D-7EF3CC87D5C6}.Release|x86.ActiveCfg = Release|Any CPU
		{4F636901-0B92-4B95-A55D-7EF3CC87D5C6}.Release|x86.Build.0 = Release|Any CPU
	EndGlobalSection
	GlobalSection(SolutionProperties) = preSolution
		HideSolutionNode = FALSE
	EndGlobalSection
	GlobalSection(ExtensibilityGlobals) = postSolution
		SolutionGuid = {4CD8C205-31A0-492A-AA81-CA9839B2BE0E}
	EndGlobalSection
EndGlobal
